
Microsoft Visual Studio Solution File, Format Version 12.00
# Visual Studio Version 16
VisualStudioVersion = 16.0.31613.86
MinimumVisualStudioVersion = 10.0.40219.1
Project("{9A19103F-16F7-4668-BE54-9A1E7A4F7556}") = "I18NClient.Net", "src\I18NClient.Net\I18NClient.Net.csproj", "{2B8F7A31-E12F-434A-A02B-057E6E40B86D}"
EndProject
Project("{9A19103F-16F7-4668-BE54-9A1E7A4F7556}") = "I18NClient.Net.Plugins", "src\I18NClient.Net.Plugins\I18NClient.Net.Plugins.csproj", "{CB999A4A-69D1-4DAE-874A-1E5D9FFE13FE}"
EndProject
Project("{9A19103F-16F7-4668-BE54-9A1E7A4F7556}") = "I18NClient.Net.Abstractions", "src\I18NClient.Net.Abstractions\I18NClient.Net.Abstractions.csproj", "{5413B095-F8E3-419D-B6C6-E8625D30998C}"
EndProject
Project("{FAE04EC0-301F-11D3-BF4B-00C04F79EFBC}") = "Sample.ConsoleApp.NetFramework", "samples\Sample.ConsoleApp.NetFramework\Sample.ConsoleApp.NetFramework.csproj", "{0D353B26-7CE5-4D15-B10E-E9AEB2440269}"
EndProject
Project("{FAE04EC0-301F-11D3-BF4B-00C04F79EFBC}") = "I18NClient.Net.Tests", "tests\I18NClient.Net.Tests\I18NClient.Net.Tests.csproj", "{42A798B8-5079-4D31-BDF7-A036B252290C}"
EndProject
Global
	GlobalSection(SolutionConfigurationPlatforms) = preSolution
		Debug|Any CPU = Debug|Any CPU
		Release|Any CPU = Release|Any CPU
	EndGlobalSection
	GlobalSection(ProjectConfigurationPlatforms) = postSolution
		{2B8F7A31-E12F-434A-A02B-057E6E40B86D}.Debug|Any CPU.ActiveCfg = Debug|Any CPU
		{2B8F7A31-E12F-434A-A02B-057E6E40B86D}.Debug|Any CPU.Build.0 = Debug|Any CPU
		{2B8F7A31-E12F-434A-A02B-057E6E40B86D}.Release|Any CPU.ActiveCfg = Release|Any CPU
		{2B8F7A31-E12F-434A-A02B-057E6E40B86D}.Release|Any CPU.Build.0 = Release|Any CPU
		{CB999A4A-69D1-4DAE-874A-1E5D9FFE13FE}.Debug|Any CPU.ActiveCfg = Debug|Any CPU
		{CB999A4A-69D1-4DAE-874A-1E5D9FFE13FE}.Debug|Any CPU.Build.0 = Debug|Any CPU
		{CB999A4A-69D1-4DAE-874A-1E5D9FFE13FE}.Release|Any CPU.ActiveCfg = Release|Any CPU
		{CB999A4A-69D1-4DAE-874A-1E5D9FFE13FE}.Release|Any CPU.Build.0 = Release|Any CPU
		{5413B095-F8E3-419D-B6C6-E8625D30998C}.Debug|Any CPU.ActiveCfg = Debug|Any CPU
		{5413B095-F8E3-419D-B6C6-E8625D30998C}.Debug|Any CPU.Build.0 = Debug|Any CPU
		{5413B095-F8E3-419D-B6C6-E8625D30998C}.Release|Any CPU.ActiveCfg = Release|Any CPU
		{5413B095-F8E3-419D-B6C6-E8625D30998C}.Release|Any CPU.Build.0 = Release|Any CPU
		{0D353B26-7CE5-4D15-B10E-E9AEB2440269}.Debug|Any CPU.ActiveCfg = Debug|Any CPU
		{0D353B26-7CE5-4D15-B10E-E9AEB2440269}.Debug|Any CPU.Build.0 = Debug|Any CPU
		{0D353B26-7CE5-4D15-B10E-E9AEB2440269}.Release|Any CPU.ActiveCfg = Release|Any CPU
		{0D353B26-7CE5-4D15-B10E-E9AEB2440269}.Release|Any CPU.Build.0 = Release|Any CPU
		{42A798B8-5079-4D31-BDF7-A036B252290C}.Debug|Any CPU.ActiveCfg = Debug|Any CPU
		{42A798B8-5079-4D31-BDF7-A036B252290C}.Debug|Any CPU.Build.0 = Debug|Any CPU
		{42A798B8-5079-4D31-BDF7-A036B252290C}.Release|Any CPU.ActiveCfg = Release|Any CPU
		{42A798B8-5079-4D31-BDF7-A036B252290C}.Release|Any CPU.Build.0 = Release|Any CPU
	EndGlobalSection
	GlobalSection(SolutionProperties) = preSolution
		HideSolutionNode = FALSE
	EndGlobalSection
	GlobalSection(ExtensibilityGlobals) = postSolution
		SolutionGuid = {00843A4C-AE44-40E3-A5FC-E4D8D367AAC3}
	EndGlobalSection
EndGlobal
